// !$*UTF8*$!
{
	archiveVersion = 1;
	classes = {
	};
	objectVersion = 56;
	objects = {

/* Begin PBXBuildFile section */
		C847EDF52B13554400CCF404 /* AppMenu.swift in Sources */ = {isa = PBXBuildFile; fileRef = C847EDF42B13554400CCF404 /* AppMenu.swift */; };
		C84B88572AF784620057160A /* PodPalsApp.swift in Sources */ = {isa = PBXBuildFile; fileRef = C84B88562AF784620057160A /* PodPalsApp.swift */; };
		C84B88592AF784620057160A /* ContentView.swift in Sources */ = {isa = PBXBuildFile; fileRef = C84B88582AF784620057160A /* ContentView.swift */; };
		C84B885B2AF784630057160A /* Assets.xcassets in Resources */ = {isa = PBXBuildFile; fileRef = C84B885A2AF784630057160A /* Assets.xcassets */; };
		C84B885E2AF784630057160A /* Preview Assets.xcassets in Resources */ = {isa = PBXBuildFile; fileRef = C84B885D2AF784630057160A /* Preview Assets.xcassets */; };
		C84B88672AF784AC0057160A /* CoreMotion.framework in Frameworks */ = {isa = PBXBuildFile; fileRef = C84B88662AF784AC0057160A /* CoreMotion.framework */; };
		C84B88692AF7856F0057160A /* HeadphoneMotionDetector.swift in Sources */ = {isa = PBXBuildFile; fileRef = C84B88682AF7856F0057160A /* HeadphoneMotionDetector.swift */; };
		C84B886B2AF7857E0057160A /* Calibration.swift in Sources */ = {isa = PBXBuildFile; fileRef = C84B886A2AF7857E0057160A /* Calibration.swift */; };
		C84B886D2AF785C60057160A /* RotationViewer.swift in Sources */ = {isa = PBXBuildFile; fileRef = C84B886C2AF785C60057160A /* RotationViewer.swift */; };
		C84B88702AF785E70057160A /* HeadScene.swift in Sources */ = {isa = PBXBuildFile; fileRef = C84B886F2AF785E70057160A /* HeadScene.swift */; };
		C84B88722AF786570057160A /* ConnectionCalibrationView.swift in Sources */ = {isa = PBXBuildFile; fileRef = C84B88712AF786570057160A /* ConnectionCalibrationView.swift */; };
		C84B88752AF786A60057160A /* QuarternionExtension.swift in Sources */ = {isa = PBXBuildFile; fileRef = C84B88742AF786A60057160A /* QuarternionExtension.swift */; };
		C84B88772AF786BE0057160A /* AccelerationExtension.swift in Sources */ = {isa = PBXBuildFile; fileRef = C84B88762AF786BE0057160A /* AccelerationExtension.swift */; };
		C84B88792AF786CC0057160A /* Utilities.swift in Sources */ = {isa = PBXBuildFile; fileRef = C84B88782AF786CC0057160A /* Utilities.swift */; };
		C86DC5FE2B02BB4500C33FA8 /* SettingsView.swift in Sources */ = {isa = PBXBuildFile; fileRef = C86DC5FD2B02BB4500C33FA8 /* SettingsView.swift */; };
/* End PBXBuildFile section */

/* Begin PBXFileReference section */
		C847EDF42B13554400CCF404 /* AppMenu.swift */ = {isa = PBXFileReference; lastKnownFileType = sourcecode.swift; path = AppMenu.swift; sourceTree = "<group>"; };
		C84B88532AF784620057160A /* PodPals.app */ = {isa = PBXFileReference; explicitFileType = wrapper.application; includeInIndex = 0; path = PodPals.app; sourceTree = BUILT_PRODUCTS_DIR; };
		C84B88562AF784620057160A /* PodPalsApp.swift */ = {isa = PBXFileReference; lastKnownFileType = sourcecode.swift; path = PodPalsApp.swift; sourceTree = "<group>"; };
		C84B88582AF784620057160A /* ContentView.swift */ = {isa = PBXFileReference; lastKnownFileType = sourcecode.swift; path = ContentView.swift; sourceTree = "<group>"; };
		C84B885A2AF784630057160A /* Assets.xcassets */ = {isa = PBXFileReference; lastKnownFileType = folder.assetcatalog; path = Assets.xcassets; sourceTree = "<group>"; };
		C84B885D2AF784630057160A /* Preview Assets.xcassets */ = {isa = PBXFileReference; lastKnownFileType = folder.assetcatalog; path = "Preview Assets.xcassets"; sourceTree = "<group>"; };
		C84B885F2AF784630057160A /* PodPals.entitlements */ = {isa = PBXFileReference; lastKnownFileType = text.plist.entitlements; path = PodPals.entitlements; sourceTree = "<group>"; };
		C84B88662AF784AC0057160A /* CoreMotion.framework */ = {isa = PBXFileReference; lastKnownFileType = wrapper.framework; name = CoreMotion.framework; path = System/Library/Frameworks/CoreMotion.framework; sourceTree = SDKROOT; };
		C84B88682AF7856F0057160A /* HeadphoneMotionDetector.swift */ = {isa = PBXFileReference; lastKnownFileType = sourcecode.swift; path = HeadphoneMotionDetector.swift; sourceTree = "<group>"; };
		C84B886A2AF7857E0057160A /* Calibration.swift */ = {isa = PBXFileReference; lastKnownFileType = sourcecode.swift; path = Calibration.swift; sourceTree = "<group>"; };
		C84B886C2AF785C60057160A /* RotationViewer.swift */ = {isa = PBXFileReference; lastKnownFileType = sourcecode.swift; path = RotationViewer.swift; sourceTree = "<group>"; };
		C84B886F2AF785E70057160A /* HeadScene.swift */ = {isa = PBXFileReference; lastKnownFileType = sourcecode.swift; path = HeadScene.swift; sourceTree = "<group>"; };
		C84B88712AF786570057160A /* ConnectionCalibrationView.swift */ = {isa = PBXFileReference; lastKnownFileType = sourcecode.swift; path = ConnectionCalibrationView.swift; sourceTree = "<group>"; };
		C84B88742AF786A60057160A /* QuarternionExtension.swift */ = {isa = PBXFileReference; lastKnownFileType = sourcecode.swift; path = QuarternionExtension.swift; sourceTree = "<group>"; };
		C84B88762AF786BE0057160A /* AccelerationExtension.swift */ = {isa = PBXFileReference; lastKnownFileType = sourcecode.swift; path = AccelerationExtension.swift; sourceTree = "<group>"; };
		C84B88782AF786CC0057160A /* Utilities.swift */ = {isa = PBXFileReference; lastKnownFileType = sourcecode.swift; path = Utilities.swift; sourceTree = "<group>"; };
		C86DC5FD2B02BB4500C33FA8 /* SettingsView.swift */ = {isa = PBXFileReference; lastKnownFileType = sourcecode.swift; path = SettingsView.swift; sourceTree = "<group>"; };
/* End PBXFileReference section */

/* Begin PBXFrameworksBuildPhase section */
		C84B88502AF784620057160A /* Frameworks */ = {
			isa = PBXFrameworksBuildPhase;
			buildActionMask = 2147483647;
			files = (
				C84B88672AF784AC0057160A /* CoreMotion.framework in Frameworks */,
			);
			runOnlyForDeploymentPostprocessing = 0;
		};
/* End PBXFrameworksBuildPhase section */

/* Begin PBXGroup section */
		C84B884A2AF784620057160A = {
			isa = PBXGroup;
			children = (
				C84B88552AF784620057160A /* PodPals */,
				C84B88542AF784620057160A /* Products */,
				C84B88652AF784AC0057160A /* Frameworks */,
			);
			sourceTree = "<group>";
		};
		C84B88542AF784620057160A /* Products */ = {
			isa = PBXGroup;
			children = (
				C84B88532AF784620057160A /* PodPals.app */,
			);
			name = Products;
			sourceTree = "<group>";
		};
		C84B88552AF784620057160A /* PodPals */ = {
			isa = PBXGroup;
			children = (
				C84B88732AF786810057160A /* Utilities */,
				C84B88562AF784620057160A /* PodPalsApp.swift */,
				C84B88582AF784620057160A /* ContentView.swift */,
				C84B885A2AF784630057160A /* Assets.xcassets */,
				C84B885F2AF784630057160A /* PodPals.entitlements */,
				C84B885C2AF784630057160A /* Preview Content */,
				C84B88682AF7856F0057160A /* HeadphoneMotionDetector.swift */,
				C84B886A2AF7857E0057160A /* Calibration.swift */,
				C84B886C2AF785C60057160A /* RotationViewer.swift */,
				C84B886F2AF785E70057160A /* HeadScene.swift */,
				C84B88712AF786570057160A /* ConnectionCalibrationView.swift */,
				C86DC5FD2B02BB4500C33FA8 /* SettingsView.swift */,
				C847EDF42B13554400CCF404 /* AppMenu.swift */,
			);
			path = PodPals;
			sourceTree = "<group>";
		};
		C84B885C2AF784630057160A /* Preview Content */ = {
			isa = PBXGroup;
			children = (
				C84B885D2AF784630057160A /* Preview Assets.xcassets */,
			);
			path = "Preview Content";
			sourceTree = "<group>";
		};
		C84B88652AF784AC0057160A /* Frameworks */ = {
			isa = PBXGroup;
			children = (
				C84B88662AF784AC0057160A /* CoreMotion.framework */,
			);
			name = Frameworks;
			sourceTree = "<group>";
		};
		C84B88732AF786810057160A /* Utilities */ = {
			isa = PBXGroup;
			children = (
				C84B88742AF786A60057160A /* QuarternionExtension.swift */,
				C84B88762AF786BE0057160A /* AccelerationExtension.swift */,
				C84B88782AF786CC0057160A /* Utilities.swift */,
			);
			path = Utilities;
			sourceTree = "<group>";
		};
/* End PBXGroup section */

/* Begin PBXNativeTarget section */
		C84B88522AF784620057160A /* PodPals */ = {
			isa = PBXNativeTarget;
			buildConfigurationList = C84B88622AF784630057160A /* Build configuration list for PBXNativeTarget "PodPals" */;
			buildPhases = (
				C84B884F2AF784620057160A /* Sources */,
				C84B88502AF784620057160A /* Frameworks */,
				C84B88512AF784620057160A /* Resources */,
			);
			buildRules = (
			);
			dependencies = (
			);
			name = PodPals;
			productName = PodPals;
			productReference = C84B88532AF784620057160A /* PodPals.app */;
			productType = "com.apple.product-type.application";
		};
/* End PBXNativeTarget section */

/* Begin PBXProject section */
		C84B884B2AF784620057160A /* Project object */ = {
			isa = PBXProject;
			attributes = {
				BuildIndependentTargetsInParallel = 1;
				LastSwiftUpdateCheck = 1500;
				LastUpgradeCheck = 1500;
				TargetAttributes = {
					C84B88522AF784620057160A = {
						CreatedOnToolsVersion = 15.0;
					};
				};
			};
			buildConfigurationList = C84B884E2AF784620057160A /* Build configuration list for PBXProject "PodPals" */;
			compatibilityVersion = "Xcode 14.0";
			developmentRegion = en;
			hasScannedForEncodings = 0;
			knownRegions = (
				en,
				Base,
			);
			mainGroup = C84B884A2AF784620057160A;
			productRefGroup = C84B88542AF784620057160A /* Products */;
			projectDirPath = "";
			projectRoot = "";
			targets = (
				C84B88522AF784620057160A /* PodPals */,
			);
		};
/* End PBXProject section */

/* Begin PBXResourcesBuildPhase section */
		C84B88512AF784620057160A /* Resources */ = {
			isa = PBXResourcesBuildPhase;
			buildActionMask = 2147483647;
			files = (
				C84B885E2AF784630057160A /* Preview Assets.xcassets in Resources */,
				C84B885B2AF784630057160A /* Assets.xcassets in Resources */,
			);
			runOnlyForDeploymentPostprocessing = 0;
		};
/* End PBXResourcesBuildPhase section */

/* Begin PBXSourcesBuildPhase section */
		C84B884F2AF784620057160A /* Sources */ = {
			isa = PBXSourcesBuildPhase;
			buildActionMask = 2147483647;
			files = (
				C84B886B2AF7857E0057160A /* Calibration.swift in Sources */,
				C84B88692AF7856F0057160A /* HeadphoneMotionDetector.swift in Sources */,
				C84B88752AF786A60057160A /* QuarternionExtension.swift in Sources */,
				C84B88772AF786BE0057160A /* AccelerationExtension.swift in Sources */,
				C84B88722AF786570057160A /* ConnectionCalibrationView.swift in Sources */,
				C84B886D2AF785C60057160A /* RotationViewer.swift in Sources */,
				C847EDF52B13554400CCF404 /* AppMenu.swift in Sources */,
				C84B88592AF784620057160A /* ContentView.swift in Sources */,
				C84B88702AF785E70057160A /* HeadScene.swift in Sources */,
				C84B88792AF786CC0057160A /* Utilities.swift in Sources */,
				C84B88572AF784620057160A /* PodPalsApp.swift in Sources */,
				C86DC5FE2B02BB4500C33FA8 /* SettingsView.swift in Sources */,
			);
			runOnlyForDeploymentPostprocessing = 0;
		};
/* End PBXSourcesBuildPhase section */

/* Begin XCBuildConfiguration section */
		C84B88602AF784630057160A /* Debug */ = {
			isa = XCBuildConfiguration;
			buildSettings = {
				ALWAYS_SEARCH_USER_PATHS = NO;
				ASSETCATALOG_COMPILER_GENERATE_SWIFT_ASSET_SYMBOL_EXTENSIONS = YES;
				CLANG_ANALYZER_NONNULL = YES;
				CLANG_ANALYZER_NUMBER_OBJECT_CONVERSION = YES_AGGRESSIVE;
				CLANG_CXX_LANGUAGE_STANDARD = "gnu++20";
				CLANG_ENABLE_MODULES = YES;
				CLANG_ENABLE_OBJC_ARC = YES;
				CLANG_ENABLE_OBJC_WEAK = YES;
				CLANG_WARN_BLOCK_CAPTURE_AUTORELEASING = YES;
				CLANG_WARN_BOOL_CONVERSION = YES;
				CLANG_WARN_COMMA = YES;
				CLANG_WARN_CONSTANT_CONVERSION = YES;
				CLANG_WARN_DEPRECATED_OBJC_IMPLEMENTATIONS = YES;
				CLANG_WARN_DIRECT_OBJC_ISA_USAGE = YES_ERROR;
				CLANG_WARN_DOCUMENTATION_COMMENTS = YES;
				CLANG_WARN_EMPTY_BODY = YES;
				CLANG_WARN_ENUM_CONVERSION = YES;
				CLANG_WARN_INFINITE_RECURSION = YES;
				CLANG_WARN_INT_CONVERSION = YES;
				CLANG_WARN_NON_LITERAL_NULL_CONVERSION = YES;
				CLANG_WARN_OBJC_IMPLICIT_RETAIN_SELF = YES;
				CLANG_WARN_OBJC_LITERAL_CONVERSION = YES;
				CLANG_WARN_OBJC_ROOT_CLASS = YES_ERROR;
				CLANG_WARN_QUOTED_INCLUDE_IN_FRAMEWORK_HEADER = YES;
				CLANG_WARN_RANGE_LOOP_ANALYSIS = YES;
				CLANG_WARN_STRICT_PROTOTYPES = YES;
				CLANG_WARN_SUSPICIOUS_MOVE = YES;
				CLANG_WARN_UNGUARDED_AVAILABILITY = YES_AGGRESSIVE;
				CLANG_WARN_UNREACHABLE_CODE = YES;
				CLANG_WARN__DUPLICATE_METHOD_MATCH = YES;
				COPY_PHASE_STRIP = NO;
				DEBUG_INFORMATION_FORMAT = dwarf;
				ENABLE_STRICT_OBJC_MSGSEND = YES;
				ENABLE_TESTABILITY = YES;
				ENABLE_USER_SCRIPT_SANDBOXING = YES;
				GCC_C_LANGUAGE_STANDARD = gnu17;
				GCC_DYNAMIC_NO_PIC = NO;
				GCC_NO_COMMON_BLOCKS = YES;
				GCC_OPTIMIZATION_LEVEL = 0;
				GCC_PREPROCESSOR_DEFINITIONS = (
					"DEBUG=1",
					"$(inherited)",
				);
				GCC_WARN_64_TO_32_BIT_CONVERSION = YES;
				GCC_WARN_ABOUT_RETURN_TYPE = YES_ERROR;
				GCC_WARN_UNDECLARED_SELECTOR = YES;
				GCC_WARN_UNINITIALIZED_AUTOS = YES_AGGRESSIVE;
				GCC_WARN_UNUSED_FUNCTION = YES;
				GCC_WARN_UNUSED_VARIABLE = YES;
				LOCALIZATION_PREFERS_STRING_CATALOGS = YES;
				MACOSX_DEPLOYMENT_TARGET = 14.0;
				MTL_ENABLE_DEBUG_INFO = INCLUDE_SOURCE;
				MTL_FAST_MATH = YES;
				ONLY_ACTIVE_ARCH = YES;
				SDKROOT = macosx;
				SWIFT_ACTIVE_COMPILATION_CONDITIONS = "DEBUG $(inherited)";
				SWIFT_OPTIMIZATION_LEVEL = "-Onone";
			};
			name = Debug;
		};
		C84B88612AF784630057160A /* Release */ = {
			isa = XCBuildConfiguration;
			buildSettings = {
				ALWAYS_SEARCH_USER_PATHS = NO;
				ASSETCATALOG_COMPILER_GENERATE_SWIFT_ASSET_SYMBOL_EXTENSIONS = YES;
				CLANG_ANALYZER_NONNULL = YES;
				CLANG_ANALYZER_NUMBER_OBJECT_CONVERSION = YES_AGGRESSIVE;
				CLANG_CXX_LANGUAGE_STANDARD = "gnu++20";
				CLANG_ENABLE_MODULES = YES;
				CLANG_ENABLE_OBJC_ARC = YES;
				CLANG_ENABLE_OBJC_WEAK = YES;
				CLANG_WARN_BLOCK_CAPTURE_AUTORELEASING = YES;
				CLANG_WARN_BOOL_CONVERSION = YES;
				CLANG_WARN_COMMA = YES;
				CLANG_WARN_CONSTANT_CONVERSION = YES;
				CLANG_WARN_DEPRECATED_OBJC_IMPLEMENTATIONS = YES;
				CLANG_WARN_DIRECT_OBJC_ISA_USAGE = YES_ERROR;
				CLANG_WARN_DOCUMENTATION_COMMENTS = YES;
				CLANG_WARN_EMPTY_BODY = YES;
				CLANG_WARN_ENUM_CONVERSION = YES;
				CLANG_WARN_INFINITE_RECURSION = YES;
				CLANG_WARN_INT_CONVERSION = YES;
				CLANG_WARN_NON_LITERAL_NULL_CONVERSION = YES;
				CLANG_WARN_OBJC_IMPLICIT_RETAIN_SELF = YES;
				CLANG_WARN_OBJC_LITERAL_CONVERSION = YES;
				CLANG_WARN_OBJC_ROOT_CLASS = YES_ERROR;
				CLANG_WARN_QUOTED_INCLUDE_IN_FRAMEWORK_HEADER = YES;
				CLANG_WARN_RANGE_LOOP_ANALYSIS = YES;
				CLANG_WARN_STRICT_PROTOTYPES = YES;
				CLANG_WARN_SUSPICIOUS_MOVE = YES;
				CLANG_WARN_UNGUARDED_AVAILABILITY = YES_AGGRESSIVE;
				CLANG_WARN_UNREACHABLE_CODE = YES;
				CLANG_WARN__DUPLICATE_METHOD_MATCH = YES;
				COPY_PHASE_STRIP = NO;
				DEBUG_INFORMATION_FORMAT = "dwarf-with-dsym";
				ENABLE_NS_ASSERTIONS = NO;
				ENABLE_STRICT_OBJC_MSGSEND = YES;
				ENABLE_USER_SCRIPT_SANDBOXING = YES;
				GCC_C_LANGUAGE_STANDARD = gnu17;
				GCC_NO_COMMON_BLOCKS = YES;
				GCC_WARN_64_TO_32_BIT_CONVERSION = YES;
				GCC_WARN_ABOUT_RETURN_TYPE = YES_ERROR;
				GCC_WARN_UNDECLARED_SELECTOR = YES;
				GCC_WARN_UNINITIALIZED_AUTOS = YES_AGGRESSIVE;
				GCC_WARN_UNUSED_FUNCTION = YES;
				GCC_WARN_UNUSED_VARIABLE = YES;
				LOCALIZATION_PREFERS_STRING_CATALOGS = YES;
				MACOSX_DEPLOYMENT_TARGET = 14.0;
				MTL_ENABLE_DEBUG_INFO = NO;
				MTL_FAST_MATH = YES;
				SDKROOT = macosx;
				SWIFT_COMPILATION_MODE = wholemodule;
			};
			name = Release;
		};
		C84B88632AF784630057160A /* Debug */ = {
			isa = XCBuildConfiguration;
			buildSettings = {
				ASSETCATALOG_COMPILER_APPICON_NAME = AppIcon;
				ASSETCATALOG_COMPILER_GLOBAL_ACCENT_COLOR_NAME = AccentColor;
				ASSETCATALOG_COMPILER_INCLUDE_ALL_APPICON_ASSETS = NO;
				CODE_SIGN_ENTITLEMENTS = PodPals/PodPals.entitlements;
				CODE_SIGN_STYLE = Automatic;
				COMBINE_HIDPI_IMAGES = YES;
				CURRENT_PROJECT_VERSION = 2;
				DEVELOPMENT_ASSET_PATHS = "\"PodPals/Preview Content\"";
				DEVELOPMENT_TEAM = ZC5P42MMZ2;
				ENABLE_HARDENED_RUNTIME = YES;
				ENABLE_PREVIEWS = YES;
				GENERATE_INFOPLIST_FILE = YES;
				INFOPLIST_KEY_LSUIElement = YES;
				INFOPLIST_KEY_NSAppleEventsUsageDescription = "We need this to control other apps";
				INFOPLIST_KEY_NSHumanReadableCopyright = "";
				INFOPLIST_KEY_NSMotionUsageDescription = "This app would like to access your Airpods motion data.";
				LD_RUNPATH_SEARCH_PATHS = (
					"$(inherited)",
					"@executable_path/../Frameworks",
				);
				MARKETING_VERSION = 1.0;
				PRODUCT_BUNDLE_IDENTIFIER = pranavkarthik.PodPals;
				PRODUCT_NAME = "$(TARGET_NAME)";
				SWIFT_EMIT_LOC_STRINGS = YES;
				SWIFT_VERSION = 5.0;
			};
			name = Debug;
		};
		C84B88642AF784630057160A /* Release */ = {
			isa = XCBuildConfiguration;
			buildSettings = {
				ASSETCATALOG_COMPILER_APPICON_NAME = AppIcon;
				ASSETCATALOG_COMPILER_GLOBAL_ACCENT_COLOR_NAME = AccentColor;
				ASSETCATALOG_COMPILER_INCLUDE_ALL_APPICON_ASSETS = NO;
				CODE_SIGN_ENTITLEMENTS = PodPals/PodPals.entitlements;
				CODE_SIGN_STYLE = Automatic;
				COMBINE_HIDPI_IMAGES = YES;
				CURRENT_PROJECT_VERSION = 2;
				DEVELOPMENT_ASSET_PATHS = "\"PodPals/Preview Content\"";
				DEVELOPMENT_TEAM = ZC5P42MMZ2;
				ENABLE_HARDENED_RUNTIME = YES;
				ENABLE_PREVIEWS = YES;
				GENERATE_INFOPLIST_FILE = YES;
				INFOPLIST_KEY_LSUIElement = YES;
				INFOPLIST_KEY_NSAppleEventsUsageDescription = "We need this to control other apps";
				INFOPLIST_KEY_NSHumanReadableCopyright = "";
				INFOPLIST_KEY_NSMotionUsageDescription = "This app would like to access your Airpods motion data.";
				LD_RUNPATH_SEARCH_PATHS = (
					"$(inherited)",
					"@executable_path/../Frameworks",
				);
				MARKETING_VERSION = 1.0;
				PRODUCT_BUNDLE_IDENTIFIER = pranavkarthik.PodPals;
				PRODUCT_NAME = "$(TARGET_NAME)";
				SWIFT_EMIT_LOC_STRINGS = YES;
				SWIFT_VERSION = 5.0;
			};
			name = Release;
		};
/* End XCBuildConfiguration section */

/* Begin XCConfigurationList section */
		C84B884E2AF784620057160A /* Build configuration list for PBXProject "PodPals" */ = {
			isa = XCConfigurationList;
			buildConfigurations = (
				C84B88602AF784630057160A /* Debug */,
				C84B88612AF784630057160A /* Release */,
			);
			defaultConfigurationIsVisible = 0;
			defaultConfigurationName = Release;
		};
		C84B88622AF784630057160A /* Build configuration list for PBXNativeTarget "PodPals" */ = {
			isa = XCConfigurationList;
			buildConfigurations = (
				C84B88632AF784630057160A /* Debug */,
				C84B88642AF784630057160A /* Release */,
			);
			defaultConfigurationIsVisible = 0;
			defaultConfigurationName = Release;
		};
/* End XCConfigurationList section */
	};
	rootObject = C84B884B2AF784620057160A /* Project object */;
}
